
Microsoft Visual Studio Solution File, Format Version 12.00
# Visual Studio Version 17
VisualStudioVersion = 17.8.34511.84
MinimumVisualStudioVersion = 10.0.40219.1
Project("{9A19103F-16F7-4668-BE54-9A1E7A4F7556}") = "01-Intro-FirstApp", "1-Intro-FirstApp\01-Intro-FirstApp.csproj", "{7E8AE8DC-CB3B-4B8F-9591-AE500A7D2210}"
EndProject
Project("{9A19103F-16F7-4668-BE54-9A1E7A4F7556}") = "02-Intro-Degiskenler", "2-Intro-Degiskenler\02-Intro-Degiskenler.csproj", "{2C876D52-895C-4B81-AB88-BEB1D8733064}"
EndProject
Project("{9A19103F-16F7-4668-BE54-9A1E7A4F7556}") = "03-Intro-TipDonusumleri", "3-Intro-TipDonusumleri\03-Intro-TipDonusumleri.csproj", "{1370AF30-653D-41DF-8F83-F92EC71AA9B1}"
EndProject
Project("{9A19103F-16F7-4668-BE54-9A1E7A4F7556}") = "04-Intro-Operatorler", "4-Intro-Operatorler\04-Intro-Operatorler.csproj", "{E0757034-BC7B-4015-9A63-911C0307E2E0}"
EndProject
Project("{9A19103F-16F7-4668-BE54-9A1E7A4F7556}") = "05-Intro-KararYapilari", "5-Intro-KararYapilari\05-Intro-KararYapilari.csproj", "{28B4FA1D-8610-4208-A593-7B3A592DD754}"
EndProject
Project("{9A19103F-16F7-4668-BE54-9A1E7A4F7556}") = "06-Intro-TernaryIFSwitchCase", "6-Intro-TernaryIFSwitchCase\06-Intro-TernaryIFSwitchCase.csproj", "{02C6DD19-1831-49C7-8BE3-F8379A0614E1}"
EndProject
Project("{9A19103F-16F7-4668-BE54-9A1E7A4F7556}") = "07-Intro-HataYonetimi", "7-Intro-HataYonetimi\07-Intro-HataYonetimi.csproj", "{FA0375E8-1A05-49A0-946B-C72D95E24CB9}"
EndProject
Project("{9A19103F-16F7-4668-BE54-9A1E7A4F7556}") = "08-Intro-Donguler", "8-Intro-Donguler\08-Intro-Donguler.csproj", "{4C4D8393-C1FA-4E4E-930A-85E45F24525F}"
EndProject
Project("{9A19103F-16F7-4668-BE54-9A1E7A4F7556}") = "09-Intro-WhileDongusu", "9-Intro-WhileDongusu\09-Intro-WhileDongusu.csproj", "{33292AD8-CD5D-410B-BFAB-4CE325234B52}"
EndProject
Project("{9A19103F-16F7-4668-BE54-9A1E7A4F7556}") = "10-Intro-DoWhile", "10-Intro-DoWhile\10-Intro-DoWhile.csproj", "{17ACA601-5E69-4116-8768-A87267051EA9}"
EndProject
Project("{9A19103F-16F7-4668-BE54-9A1E7A4F7556}") = "11-Intro-HesapMakinasi", "11-Intro-HesapMakinasi\11-Intro-HesapMakinasi.csproj", "{F9FBE45A-A9DC-4909-B976-B37464EDC43D}"
EndProject
Project("{9A19103F-16F7-4668-BE54-9A1E7A4F7556}") = "12-Intro-StringHazırMetotlar", "12-Intro-StringHazırMetotlar\12-Intro-StringHazırMetotlar.csproj", "{9EC9DB05-F132-48D9-9B24-2927B3FAD961}"
EndProject
Project("{9A19103F-16F7-4668-BE54-9A1E7A4F7556}") = "13-Intro-MathVeDateSınıf", "13-Intro-MathVeDateSınıf\13-Intro-MathVeDateSınıf.csproj", "{F1BCE027-FC5F-4470-AAA0-9B09DE505E62}"
EndProject
Project("{9A19103F-16F7-4668-BE54-9A1E7A4F7556}") = "14-Intro-Diziler", "14-Intro-Diziler\14-Intro-Diziler.csproj", "{23D87393-8DCE-4522-8F5A-F7CCA6360CC5}"
EndProject
Project("{9A19103F-16F7-4668-BE54-9A1E7A4F7556}") = "15-Intro-ArraySınıf", "15-Intro-ArraySınıf\15-Intro-ArraySınıf.csproj", "{085E219A-BD27-4C69-9B55-75AB4230DFA6}"
EndProject
Project("{9A19103F-16F7-4668-BE54-9A1E7A4F7556}") = "16-Intro-Collections", "16-Intro-Collections\16-Intro-Collections.csproj", "{383A2C3D-E439-4408-A63E-BCE81C30416E}"
EndProject
Project("{9A19103F-16F7-4668-BE54-9A1E7A4F7556}") = "17-Intro-ListLab", "17-Intro-ListLab\17-Intro-ListLab.csproj", "{E2FEF045-6386-4D05-BFA0-1F088C0DB33D}"
EndProject
Project("{9A19103F-16F7-4668-BE54-9A1E7A4F7556}") = "18-Intro-Metot", "18-Intro-Metot\18-Intro-Metot.csproj", "{9DDFAC2E-A3D8-474A-9778-C47DEDE9388B}"
EndProject
Project("{9A19103F-16F7-4668-BE54-9A1E7A4F7556}") = "19-Intro-HesapMakinasıMetot", "19-Intro-HesapMakinasıMetot\19-Intro-HesapMakinasıMetot.csproj", "{5FBB2A39-3E31-461B-AF8B-B32BE4607C70}"
EndProject
Project("{9A19103F-16F7-4668-BE54-9A1E7A4F7556}") = "20-Intro-MetotLab", "20-Intro-MetotLab\20-Intro-MetotLab.csproj", "{A01401D0-965E-400A-8872-C474E530E537}"
EndProject
Project("{9A19103F-16F7-4668-BE54-9A1E7A4F7556}") = "21-Intro-MetotOverloading", "21-Intro-MetotOverloading\21-Intro-MetotOverloading.csproj", "{62EE40C6-D23C-4C81-93F9-CBBB590A8377}"
EndProject
Project("{9A19103F-16F7-4668-BE54-9A1E7A4F7556}") = "22-Intro-MetotOverloadingLab", "22-Intro-MetotOverloadingLab\22-Intro-MetotOverloadingLab.csproj", "{E7047CEE-4891-42C1-B419-6788AD12DA85}"
EndProject
Project("{9A19103F-16F7-4668-BE54-9A1E7A4F7556}") = "23-Intro-MetotRefOutParams", "23-Intro-MetotRefOutParams\23-Intro-MetotRefOutParams.csproj", "{50625285-95BF-4CBD-99A9-D5FCC2AEB4BA}"
EndProject
Project("{9A19103F-16F7-4668-BE54-9A1E7A4F7556}") = "24-Intro-LocalFunction", "24-Intro-LocalFunction\24-Intro-LocalFunction.csproj", "{78FE7B64-172D-48CC-BA51-66CE902E42FB}"
EndProject
Project("{9A19103F-16F7-4668-BE54-9A1E7A4F7556}") = "25-Intro-Lab", "25-Intro-Lab\25-Intro-Lab.csproj", "{642F7B0F-4EBB-4D8C-8767-8A945D8DAE0E}"
EndProject
Project("{9A19103F-16F7-4668-BE54-9A1E7A4F7556}") = "26-Intro-CleanCode", "26-Intro-CleanCode\26-Intro-CleanCode.csproj", "{82446D49-CB88-457A-AA88-1365AE58D617}"
EndProject
Project("{9A19103F-16F7-4668-BE54-9A1E7A4F7556}") = "27-WF-Intro", "27-WF-Intro\27-WF-Intro.csproj", "{759EA5A3-FE7E-4D29-A51F-790D2F23ADF0}"
EndProject
Project("{9A19103F-16F7-4668-BE54-9A1E7A4F7556}") = "28-WF-HamburgerApp", "28-WF-HamburgerApp\28-WF-HamburgerApp.csproj", "{593BED66-A127-41EF-8B43-D647EF33CC46}"
EndProject
Project("{9A19103F-16F7-4668-BE54-9A1E7A4F7556}") = "29-WF-AdamAsmacaOyunu", "29-WF-AdamAsmacaOyunu\29-WF-AdamAsmacaOyunu.csproj", "{680B908C-36A4-4875-87FF-B7CFEF092A4B}"
EndProject
Project("{9A19103F-16F7-4668-BE54-9A1E7A4F7556}") = "30-WF-SystemIO", "30-WF-SystemIO\30-WF-SystemIO.csproj", "{003BB51A-F57E-4FB4-B39E-A1D6FAE0F75F}"
EndProject
Project("{9A19103F-16F7-4668-BE54-9A1E7A4F7556}") = "31-OOP-Class", "31-OOP-Class\31-OOP-Class.csproj", "{2B15C254-6747-4B66-8E39-BDC4822E231B}"
EndProject
Project("{9A19103F-16F7-4668-BE54-9A1E7A4F7556}") = "32-OOP-Encapsultaion", "32-OOP-Encapsultaion\32-OOP-Encapsultaion.csproj", "{2DA9735F-17E9-4BA6-A85F-4C543085FCF8}"
EndProject
Project("{9A19103F-16F7-4668-BE54-9A1E7A4F7556}") = "33-OOP-Constructor", "33-OOP-Constructor\33-OOP-Constructor.csproj", "{73EB2CC8-1AB9-4154-952E-4FB72F50FD52}"
EndProject
Project("{9A19103F-16F7-4668-BE54-9A1E7A4F7556}") = "34-OOP-Constructor", "34-OOP-Constructor\34-OOP-Constructor.csproj", "{547F0557-7FD5-4EC6-93E4-22B78921B197}"
EndProject
Project("{9A19103F-16F7-4668-BE54-9A1E7A4F7556}") = "35-OOP-Struct", "35-OOP-Struct\35-OOP-Struct.csproj", "{4FCE7DAC-FB64-4101-B977-17D2C7DEE171}"
EndProject
Project("{9A19103F-16F7-4668-BE54-9A1E7A4F7556}") = "36-OOP-Enum", "36-OOP-Enum\36-OOP-Enum.csproj", "{0B371EB6-3B31-4DDC-91B4-477A75AD1185}"
EndProject
Project("{9A19103F-16F7-4668-BE54-9A1E7A4F7556}") = "37-OOP-Static", "37-OOP-Static\37-OOP-Static.csproj", "{0B67FD45-D66B-4359-82D0-BF420DC6EF12}"
EndProject
Project("{9A19103F-16F7-4668-BE54-9A1E7A4F7556}") = "38-OOP-Inheritance", "38-OOP-Inheritance\38-OOP-Inheritance.csproj", "{26AD555F-2CC7-426E-804E-9E43564EBB08}"
EndProject
Project("{9A19103F-16F7-4668-BE54-9A1E7A4F7556}") = "39-OOP-InheritanceLab1", "39-OOP-InheritanceLab1\39-OOP-InheritanceLab1.csproj", "{2FF09AAC-98C1-41C5-BC9C-DCCC5CD7D52A}"
EndProject
Project("{9A19103F-16F7-4668-BE54-9A1E7A4F7556}") = "40-OOP-InheritanceLab2", "40-OOP-InheritanceLab2\40-OOP-InheritanceLab2.csproj", "{BCAC242A-69B8-45E4-9669-0104EA8086F0}"
EndProject
Project("{9A19103F-16F7-4668-BE54-9A1E7A4F7556}") = "41-OOP-Saled", "41-OOP-Saled\41-OOP-Saled.csproj", "{9E891BAE-C16B-45F9-B730-8E94697B0BAB}"
EndProject
Project("{9A19103F-16F7-4668-BE54-9A1E7A4F7556}") = "42-OOP-Polymorphism", "42-OOP-Polymorphism\42-OOP-Polymorphism.csproj", "{7B80B147-F4BD-45A3-BB0C-4FEFFC82AA97}"
EndProject
Project("{9A19103F-16F7-4668-BE54-9A1E7A4F7556}") = "43-OOP-PartialClass", "43-OOP-PartialClass\43-OOP-PartialClass.csproj", "{8CCD29BE-1E1C-4670-9C26-2BD59833BC21}"
EndProject
Project("{9A19103F-16F7-4668-BE54-9A1E7A4F7556}") = "44-OOP-Abstract", "44-OOP-Abstract\44-OOP-Abstract.csproj", "{33B30098-4E67-4477-851A-3C7BFF9AE7D0}"
EndProject
Project("{9A19103F-16F7-4668-BE54-9A1E7A4F7556}") = "45-OOP-AbstractLab1", "45-OOP-AbstractLab1\45-OOP-AbstractLab1.csproj", "{9F1C47D1-9CEF-44C8-B688-DA1F9AFDC8B3}"
EndProject
Project("{9A19103F-16F7-4668-BE54-9A1E7A4F7556}") = "46-OOP-Interfaces", "46-OOP-Interfaces\46-OOP-Interfaces.csproj", "{2FD261E4-D41E-4CFA-BB80-1A2405DCC959}"
EndProject
Project("{9A19103F-16F7-4668-BE54-9A1E7A4F7556}") = "47-OOP-Interfaces2", "47-OOP-Interfaces2\47-OOP-Interfaces2.csproj", "{21E8E001-0D7B-4BE9-99E5-184CCC0D0951}"
EndProject
Project("{9A19103F-16F7-4668-BE54-9A1E7A4F7556}") = "48-OOP-LooseCoupling", "48-OOP-LooseCoupling\48-OOP-LooseCoupling.csproj", "{BA5266A0-FA0E-47EC-BDF7-BAB98BA11D68}"
EndProject
Project("{9A19103F-16F7-4668-BE54-9A1E7A4F7556}") = "49-OOP-Generic", "49-OOP-Generic\49-OOP-Generic.csproj", "{E0CD32F3-AFEF-4ECB-B81D-73E7C772823A}"
EndProject
Project("{9A19103F-16F7-4668-BE54-9A1E7A4F7556}") = "50-OOP-PersonelLAB", "50-OOP-PersonelLAB\50-OOP-PersonelLAB.csproj", "{238A424D-F0F9-4B04-870D-62DD86FC1B56}"
EndProject
Project("{9A19103F-16F7-4668-BE54-9A1E7A4F7556}") = "50-OOP-PersonelLib", "50-OOP-PersonelLib\50-OOP-PersonelLib.csproj", "{90191DEC-E223-49CE-8132-EB2E0B910AA0}"
EndProject
Project("{9A19103F-16F7-4668-BE54-9A1E7A4F7556}") = "51-OOP-Delegate", "51-OOP-Delegate\51-OOP-Delegate.csproj", "{920842DB-F741-40DA-B72E-4942395AD899}"
EndProject
Project("{9A19103F-16F7-4668-BE54-9A1E7A4F7556}") = "52-OOP-Event", "52-OOP-Event\52-OOP-Event.csproj", "{D230B9FA-6FA9-4638-B0CB-BB4601C446ED}"
EndProject
Project("{2150E333-8FDC-42A3-9474-1A3956D46DE8}") = "LAB1-OOP-School", "LAB1-OOP-School", "{9620CDF2-60D3-4C9C-AE35-3832D96030D6}"
	ProjectSection(SolutionItems) = preProject
		Information.txt = Information.txt
	EndProjectSection
EndProject
Project("{9A19103F-16F7-4668-BE54-9A1E7A4F7556}") = "School.Manager", "School.Manager\School.Manager.csproj", "{ED7A265A-8C88-4B9A-B242-81897E92073D}"
EndProject
Project("{9A19103F-16F7-4668-BE54-9A1E7A4F7556}") = "School.ConsoleApp", "School.ConsoleApp\School.ConsoleApp.csproj", "{CF91CF97-E09A-4EFF-B352-43DA99553047}"
EndProject
Project("{9A19103F-16F7-4668-BE54-9A1E7A4F7556}") = "School.WindowsForm", "School.WindowsForm\School.WindowsForm.csproj", "{F73F6D31-B201-4B85-96FC-C4257CAEB191}"
EndProject
Project("{2150E333-8FDC-42A3-9474-1A3956D46DE8}") = "CASE2-Maas", "CASE2-Maas", "{6E685065-A6EC-4341-9392-E475F4E9F4C4}"
EndProject
Project("{9A19103F-16F7-4668-BE54-9A1E7A4F7556}") = "CSProje2", "CSProje2\CSProje2.csproj", "{69332677-1C8A-4525-9670-97A1282E4CAF}"
EndProject
Project("{9A19103F-16F7-4668-BE54-9A1E7A4F7556}") = "ConsoleApp1", "ConsoleApp1\ConsoleApp1.csproj", "{232A76BB-1E08-475C-B43D-829A1D1EC086}"
EndProject
Project("{FAE04EC0-301F-11D3-BF4B-00C04F79EFBC}") = "53-Entity-AdoNet1", "53-Entity-AdoNet1\53-Entity-AdoNet1.csproj", "{A9441887-D477-45FF-AC5B-12623E0F2760}"
EndProject
Project("{9A19103F-16F7-4668-BE54-9A1E7A4F7556}") = "54-Entity-DbFirsst", "54-Entity-DbFirsst\54-Entity-DbFirsst.csproj", "{666D6284-BD20-4A91-9633-47509B025C94}"
EndProject
Project("{9A19103F-16F7-4668-BE54-9A1E7A4F7556}") = "55-Entity-DbFirstRehber", "55-Entity-DbFirstRehber\55-Entity-DbFirstRehber.csproj", "{EFEF60A5-A756-4E1C-A9D3-7D6E026ECAD5}"
EndProject
Project("{9A19103F-16F7-4668-BE54-9A1E7A4F7556}") = "56-Entity-LINQ", "56-Entity-LINQ\56-Entity-LINQ.csproj", "{136A3090-D5F1-464E-A4EA-BA4C6ED1CE53}"
EndProject
Project("{9A19103F-16F7-4668-BE54-9A1E7A4F7556}") = "60-MVC-Intro", "60-MVC-Intro\60-MVC-Intro.csproj", "{258EAC49-17ED-4119-8226-889251AE01AA}"
EndProject
Project("{9A19103F-16F7-4668-BE54-9A1E7A4F7556}") = "61-MVC-Intro2", "61-MVC-Intro2\61-MVC-Intro2.csproj", "{1B52A89D-A22F-4F51-B73F-4DCD4F813A04}"
EndProject
Project("{9A19103F-16F7-4668-BE54-9A1E7A4F7556}") = "62-MVC-Action", "62-MVC-Action\62-MVC-Action.csproj", "{3A40B276-F569-4422-B34F-43F90EDF5119}"
EndProject
Project("{9A19103F-16F7-4668-BE54-9A1E7A4F7556}") = "63-MVC-Lab1", "63-MVC-Lab1\63-MVC-Lab1.csproj", "{090C53DD-A88D-42A6-A104-ABB6205166DF}"
EndProject
Project("{9A19103F-16F7-4668-BE54-9A1E7A4F7556}") = "64-MVC-ViewBagViewDataTempData", "64-MVC-ViewBagViewDataTempData\64-MVC-ViewBagViewDataTempData.csproj", "{557B9EEE-863F-43E5-B4C7-81F68647164F}"
EndProject
Project("{9A19103F-16F7-4668-BE54-9A1E7A4F7556}") = "65-MVC-PartialView", "65-MVC-PartialView\65-MVC-PartialView.csproj", "{ED96832B-051A-4205-BE95-D8FCB21A8F60}"
EndProject
Project("{9A19103F-16F7-4668-BE54-9A1E7A4F7556}") = "66-MVC-ViewComponent", "66-MVC-ViewComponent\66-MVC-ViewComponent.csproj", "{670B740B-94D1-497F-8541-6776FDEC2CB3}"
EndProject
Project("{9A19103F-16F7-4668-BE54-9A1E7A4F7556}") = "67-MVC-ViewModel", "67-MVC-ViewModel\67-MVC-ViewModel.csproj", "{A50A6CBE-425B-4A8B-BC6A-1C7A95B35AD7}"
EndProject
Project("{9A19103F-16F7-4668-BE54-9A1E7A4F7556}") = "68-MVC-Validation", "68-MVC-Validation\68-MVC-Validation.csproj", "{5DEDD6EF-90C6-44DC-A095-6291CB6160EA}"
EndProject
Project("{9A19103F-16F7-4668-BE54-9A1E7A4F7556}") = "69-MVC-ActionFilter", "69-MVC-ActionFilter\69-MVC-ActionFilter.csproj", "{20689CAA-0B4E-467F-8C78-8F8C831DD11F}"
EndProject
Project("{9A19103F-16F7-4668-BE54-9A1E7A4F7556}") = "70-MVC-Area", "70-MVC-Area\70-MVC-Area.csproj", "{5625ECDF-E5CB-4992-9BEC-3B5305742DEA}"
EndProject
Project("{9A19103F-16F7-4668-BE54-9A1E7A4F7556}") = "71-MVC-Routing", "71-MVC-Routing\71-MVC-Routing.csproj", "{D4B83B6E-2048-4CA1-A799-A7464F310BCF}"
EndProject
Project("{9A19103F-16F7-4668-BE54-9A1E7A4F7556}") = "72-MVC-OptionsPattern", "72-MVC-OptionsPattern\72-MVC-OptionsPattern.csproj", "{77B7E6C8-6C61-4834-9DCC-1A6E3A8ACCF2}"
EndProject
Project("{9A19103F-16F7-4668-BE54-9A1E7A4F7556}") = "73-MVC-Entity", "73-MVC-Entity\73-MVC-Entity.csproj", "{8F2A90F5-3303-4781-87AE-71C763B54FE2}"
EndProject
Project("{9A19103F-16F7-4668-BE54-9A1E7A4F7556}") = "74-MVC-EventProject", "74-MVC-EventProject\74-MVC-EventProject.csproj", "{4D37EC5D-417C-42EE-8068-C0CA97BE665D}"
EndProject
Project("{2150E333-8FDC-42A3-9474-1A3956D46DE8}") = "75-IoC", "75-IoC", "{75D4B01E-A983-4742-ACB7-92A4EF41FC79}"
EndProject
Project("{9A19103F-16F7-4668-BE54-9A1E7A4F7556}") = "1-DependencyInversion", "1-DependencyInversion\1-DependencyInversion.csproj", "{D8DA93F8-4A32-41BD-9F43-2092FE01F801}"
EndProject
Project("{9A19103F-16F7-4668-BE54-9A1E7A4F7556}") = "2-DI-ConstructorInjection", "2-DI-ConstructorInjection\2-DI-ConstructorInjection.csproj", "{7BFFDAB2-EB78-4274-9953-80C40624B77D}"
EndProject
Project("{9A19103F-16F7-4668-BE54-9A1E7A4F7556}") = "3-DI-PropertiesInjection", "3-DI-PropertiesInjection\3-DI-PropertiesInjection.csproj", "{30E061B4-7023-420F-8DA3-C33875E314A8}"
EndProject
Project("{9A19103F-16F7-4668-BE54-9A1E7A4F7556}") = "4-DI-MethodInjection", "4-DI-MethodInjection\4-DI-MethodInjection.csproj", "{77089996-158F-43A6-B020-8CCBFE5AFD04}"
EndProject
Project("{9A19103F-16F7-4668-BE54-9A1E7A4F7556}") = "76-MVC-DependencyInjection", "76-MVC-DependencyInjection\76-MVC-DependencyInjection.csproj", "{D0E6646B-1610-435A-B86C-1483D9A1DFCC}"
EndProject
Project("{9A19103F-16F7-4668-BE54-9A1E7A4F7556}") = "77-Thread", "77-Thread\77-Thread.csproj", "{6859C73E-775F-4207-BB4E-546FED516DAC}"
EndProject
Project("{9A19103F-16F7-4668-BE54-9A1E7A4F7556}") = "78-AsenkronProgramlama", "78-AsenkronProgramlama\78-AsenkronProgramlama.csproj", "{5FABBCC1-F901-4491-B401-42E6964F3A1F}"
EndProject
Project("{9A19103F-16F7-4668-BE54-9A1E7A4F7556}") = "79-MVC-Identification", "79-MVC-Identification\79-MVC-Identification.csproj", "{F4F04433-FA57-4F5D-A993-0585C3C429D8}"
EndProject
Project("{9A19103F-16F7-4668-BE54-9A1E7A4F7556}") = "80-MVC-IdentityCustomize", "80-MVC-IdentityCustomize\80-MVC-IdentityCustomize.csproj", "{55FA91D7-C212-4CB4-9FB8-B258EBF0514A}"
EndProject
Project("{9A19103F-16F7-4668-BE54-9A1E7A4F7556}") = "81-MVC-Role", "81-MVC-Role\81-MVC-Role.csproj", "{177E6849-7F5E-4495-930F-79F3B01D0F1F}"
EndProject
Project("{9A19103F-16F7-4668-BE54-9A1E7A4F7556}") = "82-MVC-StateManagement", "82-MVC-StateManagement\82-MVC-StateManagement.csproj", "{738942C9-1C99-4822-B6B8-C83FE9199BE0}"
EndProject
Project("{9A19103F-16F7-4668-BE54-9A1E7A4F7556}") = "83-MVC-AutoMapper", "83-MVC-AutoMapper\83-MVC-AutoMapper.csproj", "{8702AB68-2013-418F-83F5-D2C6191852CC}"
EndProject
Project("{2150E333-8FDC-42A3-9474-1A3956D46DE8}") = "BookingMVCApp", "BookingMVCApp", "{590420E2-7C47-4C1E-A22A-50E9D257154D}"
EndProject
Project("{9A19103F-16F7-4668-BE54-9A1E7A4F7556}") = "1-BookingMVCApp.Domain", "1-BookingMVCApp.Domain\1-BookingMVCApp.Domain.csproj", "{76901ADD-8D07-4C63-B7DF-AEA63D933A8E}"
EndProject
Project("{9A19103F-16F7-4668-BE54-9A1E7A4F7556}") = "2-BookingMVCApp.Infrastructure", "2-BookingMVCApp.Infrastructure\2-BookingMVCApp.Infrastructure.csproj", "{65B1714A-968D-447E-8A8D-8974C93670AE}"
EndProject
Project("{9A19103F-16F7-4668-BE54-9A1E7A4F7556}") = "3-BookingMVCApp.Application", "3-BookingMVCApp.Application\3-BookingMVCApp.Application.csproj", "{93466552-8F92-46B6-8B68-6D6DCB083495}"
EndProject
Project("{9A19103F-16F7-4668-BE54-9A1E7A4F7556}") = "4-BookingMVCApp.Web", "4-BookingMVCApp.Web\4-BookingMVCApp.Web.csproj", "{7C146930-BE01-4826-AF14-3EB1D6F4A32D}"
EndProject
Project("{9A19103F-16F7-4668-BE54-9A1E7A4F7556}") = "84-WebAPI-Intro", "84-WebAPI-Intro\84-WebAPI-Intro.csproj", "{AE0ACCE2-0E5C-45BE-844B-6CEF69FA1AFB}"
EndProject
Project("{9A19103F-16F7-4668-BE54-9A1E7A4F7556}") = "5-BookingWebAPI", "5-BookingWebAPI\5-BookingWebAPI.csproj", "{26C90789-6731-464B-904A-699F19D96217}"
EndProject
Project("{2150E333-8FDC-42A3-9474-1A3956D46DE8}") = "85-API-Project", "85-API-Project", "{9EEFAC1A-F1AE-41DE-94B3-2987919E1D0D}"
EndProject
Project("{9A19103F-16F7-4668-BE54-9A1E7A4F7556}") = "APIProject.Entities", "APIProject.Entities\APIProject.Entities.csproj", "{3CB11A38-5BF5-464C-A144-CDC1C70CD438}"
EndProject
Project("{9A19103F-16F7-4668-BE54-9A1E7A4F7556}") = "APIProject.Repository", "APIProject.Repository\APIProject.Repository.csproj", "{17FF4447-1E79-497B-8833-AD3970C94140}"
EndProject
Project("{9A19103F-16F7-4668-BE54-9A1E7A4F7556}") = "APIProject.Service", "APIProject.Service\APIProject.Service.csproj", "{A8783E63-69AC-4E71-9BC8-E8A0B2C8229E}"
EndProject
Project("{9A19103F-16F7-4668-BE54-9A1E7A4F7556}") = "APIProject.UIWebApi", "APIProject.UIWebApi\APIProject.UIWebApi.csproj", "{1F60EC61-F2D0-4E4C-A5C3-25B1AC9B5FF9}"
EndProject
Project("{9A19103F-16F7-4668-BE54-9A1E7A4F7556}") = "86-API-GetPosts", "86-API-GetPosts\86-API-GetPosts.csproj", "{F4BC00F5-B48E-49DA-BBB3-498047C768B7}"
EndProject
Project("{9A19103F-16F7-4668-BE54-9A1E7A4F7556}") = "87-API-JWTToken", "87-API-JWTToken\87-API-JWTToken.csproj", "{17407D67-A2D7-4FD4-90C7-D96C3092D6FD}"
EndProject
Project("{2150E333-8FDC-42A3-9474-1A3956D46DE8}") = "SOLID", "SOLID", "{B1BFCC78-5AC2-455A-A694-71FD0233AD37}"
EndProject
Project("{9A19103F-16F7-4668-BE54-9A1E7A4F7556}") = "SOLID-1-SingleOfResponsibility", "SOLID-1-SingleOfResponsibility\SOLID-1-SingleOfResponsibility.csproj", "{113C4D93-81B5-490E-A578-A3E8AFEB4384}"
EndProject
Project("{9A19103F-16F7-4668-BE54-9A1E7A4F7556}") = "SOLID-2-OpenClose", "SOLID-2-OpenClose\SOLID-2-OpenClose.csproj", "{8851B0DA-2F67-43B1-B247-C6F7332E500B}"
EndProject
Project("{9A19103F-16F7-4668-BE54-9A1E7A4F7556}") = "SOLID-3-LiscovSubstitution", "SOLID-3-LiscovSubstitution\SOLID-3-LiscovSubstitution.csproj", "{2CC3149B-4FB8-4984-8F85-0FA93390F819}"
EndProject
Project("{9A19103F-16F7-4668-BE54-9A1E7A4F7556}") = "SOLID-4-InterfaceSegregation", "SOLID-4-InterfaceSegregation\SOLID-4-InterfaceSegregation.csproj", "{6B87DA50-81B5-414A-BF78-963F73F1390F}"
EndProject
Project("{9A19103F-16F7-4668-BE54-9A1E7A4F7556}") = "SOLID-5-DependencyInversion", "SOLID-5-DependencyInversion\SOLID-5-DependencyInversion.csproj", "{67C03D4E-FECE-4352-8DC2-C2FDC4C830DF}"
EndProject
Project("{9A19103F-16F7-4668-BE54-9A1E7A4F7556}") = "88-DP-Singleton", "88-DP-Singleton\88-DP-Singleton.csproj", "{9B6CE080-8716-473C-8560-CA62F767926F}"
EndProject
Project("{9A19103F-16F7-4668-BE54-9A1E7A4F7556}") = "89-DP-Factor", "89-DP-Factor\89-DP-Factor.csproj", "{DD924D9A-A265-4935-AF82-1D70C20D50AB}"
EndProject
Project("{9A19103F-16F7-4668-BE54-9A1E7A4F7556}") = "90-DP-Prototype", "90-DP-Prototype\90-DP-Prototype.csproj", "{30738F37-6BEE-4CDE-874A-D095ECDC1DD9}"
EndProject
Project("{9A19103F-16F7-4668-BE54-9A1E7A4F7556}") = "91-DP-Adapter", "91-DP-Adapter\91-DP-Adapter.csproj", "{F3E92834-195D-4D3D-AB4A-97F58A4C7CB5}"
EndProject
Project("{9A19103F-16F7-4668-BE54-9A1E7A4F7556}") = "92-DP-Decorator", "92-DP-Decorator\92-DP-Decorator.csproj", "{E5E98BD1-7DE9-4A01-A5E7-C28E74F49145}"
EndProject
Project("{9A19103F-16F7-4668-BE54-9A1E7A4F7556}") = "93-DP-Proxy", "93-DP-Proxy\93-DP-Proxy.csproj", "{52A305DB-EBD6-49BF-BC04-347B7EB90416}"
EndProject
Project("{9A19103F-16F7-4668-BE54-9A1E7A4F7556}") = "94-DP-Mediator", "94-DP-Mediator\94-DP-Mediator.csproj", "{8DBE8563-B3DC-4EBC-961D-71E735B9EAB4}"
EndProject
Project("{9A19103F-16F7-4668-BE54-9A1E7A4F7556}") = "95-DP-ChainOfResponsibilities", "95-DP-ChainOfResponsibilities\95-DP-ChainOfResponsibilities.csproj", "{362D605D-1F80-48DD-88CC-96360E248267}"
EndProject
Project("{FAE04EC0-301F-11D3-BF4B-00C04F79EFBC}") = "96-GenericArray", "96-GenericArray\96-GenericArray.csproj", "{7AAC3236-9FB3-4FED-B9A9-984C81E27304}"
EndProject
Global
	GlobalSection(SolutionConfigurationPlatforms) = preSolution
		Debug|Any CPU = Debug|Any CPU
		Release|Any CPU = Release|Any CPU
	EndGlobalSection
	GlobalSection(ProjectConfigurationPlatforms) = postSolution
		{7E8AE8DC-CB3B-4B8F-9591-AE500A7D2210}.Debug|Any CPU.ActiveCfg = Debug|Any CPU
		{7E8AE8DC-CB3B-4B8F-9591-AE500A7D2210}.Debug|Any CPU.Build.0 = Debug|Any CPU
		{7E8AE8DC-CB3B-4B8F-9591-AE500A7D2210}.Release|Any CPU.ActiveCfg = Release|Any CPU
		{7E8AE8DC-CB3B-4B8F-9591-AE500A7D2210}.Release|Any CPU.Build.0 = Release|Any CPU
		{2C876D52-895C-4B81-AB88-BEB1D8733064}.Debug|Any CPU.ActiveCfg = Debug|Any CPU
		{2C876D52-895C-4B81-AB88-BEB1D8733064}.Debug|Any CPU.Build.0 = Debug|Any CPU
		{2C876D52-895C-4B81-AB88-BEB1D8733064}.Release|Any CPU.ActiveCfg = Release|Any CPU
		{2C876D52-895C-4B81-AB88-BEB1D8733064}.Release|Any CPU.Build.0 = Release|Any CPU
		{1370AF30-653D-41DF-8F83-F92EC71AA9B1}.Debug|Any CPU.ActiveCfg = Debug|Any CPU
		{1370AF30-653D-41DF-8F83-F92EC71AA9B1}.Debug|Any CPU.Build.0 = Debug|Any CPU
		{1370AF30-653D-41DF-8F83-F92EC71AA9B1}.Release|Any CPU.ActiveCfg = Release|Any CPU
		{1370AF30-653D-41DF-8F83-F92EC71AA9B1}.Release|Any CPU.Build.0 = Release|Any CPU
		{E0757034-BC7B-4015-9A63-911C0307E2E0}.Debug|Any CPU.ActiveCfg = Debug|Any CPU
		{E0757034-BC7B-4015-9A63-911C0307E2E0}.Debug|Any CPU.Build.0 = Debug|Any CPU
		{E0757034-BC7B-4015-9A63-911C0307E2E0}.Release|Any CPU.ActiveCfg = Release|Any CPU
		{E0757034-BC7B-4015-9A63-911C0307E2E0}.Release|Any CPU.Build.0 = Release|Any CPU
		{28B4FA1D-8610-4208-A593-7B3A592DD754}.Debug|Any CPU.ActiveCfg = Debug|Any CPU
		{28B4FA1D-8610-4208-A593-7B3A592DD754}.Debug|Any CPU.Build.0 = Debug|Any CPU
		{28B4FA1D-8610-4208-A593-7B3A592DD754}.Release|Any CPU.ActiveCfg = Release|Any CPU
		{28B4FA1D-8610-4208-A593-7B3A592DD754}.Release|Any CPU.Build.0 = Release|Any CPU
		{02C6DD19-1831-49C7-8BE3-F8379A0614E1}.Debug|Any CPU.ActiveCfg = Debug|Any CPU
		{02C6DD19-1831-49C7-8BE3-F8379A0614E1}.Debug|Any CPU.Build.0 = Debug|Any CPU
		{02C6DD19-1831-49C7-8BE3-F8379A0614E1}.Release|Any CPU.ActiveCfg = Release|Any CPU
		{02C6DD19-1831-49C7-8BE3-F8379A0614E1}.Release|Any CPU.Build.0 = Release|Any CPU
		{FA0375E8-1A05-49A0-946B-C72D95E24CB9}.Debug|Any CPU.ActiveCfg = Debug|Any CPU
		{FA0375E8-1A05-49A0-946B-C72D95E24CB9}.Debug|Any CPU.Build.0 = Debug|Any CPU
		{FA0375E8-1A05-49A0-946B-C72D95E24CB9}.Release|Any CPU.ActiveCfg = Release|Any CPU
		{FA0375E8-1A05-49A0-946B-C72D95E24CB9}.Release|Any CPU.Build.0 = Release|Any CPU
		{4C4D8393-C1FA-4E4E-930A-85E45F24525F}.Debug|Any CPU.ActiveCfg = Debug|Any CPU
		{4C4D8393-C1FA-4E4E-930A-85E45F24525F}.Debug|Any CPU.Build.0 = Debug|Any CPU
		{4C4D8393-C1FA-4E4E-930A-85E45F24525F}.Release|Any CPU.ActiveCfg = Release|Any CPU
		{4C4D8393-C1FA-4E4E-930A-85E45F24525F}.Release|Any CPU.Build.0 = Release|Any CPU
		{33292AD8-CD5D-410B-BFAB-4CE325234B52}.Debug|Any CPU.ActiveCfg = Debug|Any CPU
		{33292AD8-CD5D-410B-BFAB-4CE325234B52}.Debug|Any CPU.Build.0 = Debug|Any CPU
		{33292AD8-CD5D-410B-BFAB-4CE325234B52}.Release|Any CPU.ActiveCfg = Release|Any CPU
		{33292AD8-CD5D-410B-BFAB-4CE325234B52}.Release|Any CPU.Build.0 = Release|Any CPU
		{17ACA601-5E69-4116-8768-A87267051EA9}.Debug|Any CPU.ActiveCfg = Debug|Any CPU
		{17ACA601-5E69-4116-8768-A87267051EA9}.Debug|Any CPU.Build.0 = Debug|Any CPU
		{17ACA601-5E69-4116-8768-A87267051EA9}.Release|Any CPU.ActiveCfg = Release|Any CPU
		{17ACA601-5E69-4116-8768-A87267051EA9}.Release|Any CPU.Build.0 = Release|Any CPU
		{F9FBE45A-A9DC-4909-B976-B37464EDC43D}.Debug|Any CPU.ActiveCfg = Debug|Any CPU
		{F9FBE45A-A9DC-4909-B976-B37464EDC43D}.Debug|Any CPU.Build.0 = Debug|Any CPU
		{F9FBE45A-A9DC-4909-B976-B37464EDC43D}.Release|Any CPU.ActiveCfg = Release|Any CPU
		{F9FBE45A-A9DC-4909-B976-B37464EDC43D}.Release|Any CPU.Build.0 = Release|Any CPU
		{9EC9DB05-F132-48D9-9B24-2927B3FAD961}.Debug|Any CPU.ActiveCfg = Debug|Any CPU
		{9EC9DB05-F132-48D9-9B24-2927B3FAD961}.Debug|Any CPU.Build.0 = Debug|Any CPU
		{9EC9DB05-F132-48D9-9B24-2927B3FAD961}.Release|Any CPU.ActiveCfg = Release|Any CPU
		{9EC9DB05-F132-48D9-9B24-2927B3FAD961}.Release|Any CPU.Build.0 = Release|Any CPU
		{F1BCE027-FC5F-4470-AAA0-9B09DE505E62}.Debug|Any CPU.ActiveCfg = Debug|Any CPU
		{F1BCE027-FC5F-4470-AAA0-9B09DE505E62}.Debug|Any CPU.Build.0 = Debug|Any CPU
		{F1BCE027-FC5F-4470-AAA0-9B09DE505E62}.Release|Any CPU.ActiveCfg = Release|Any CPU
		{F1BCE027-FC5F-4470-AAA0-9B09DE505E62}.Release|Any CPU.Build.0 = Release|Any CPU
		{23D87393-8DCE-4522-8F5A-F7CCA6360CC5}.Debug|Any CPU.ActiveCfg = Debug|Any CPU
		{23D87393-8DCE-4522-8F5A-F7CCA6360CC5}.Debug|Any CPU.Build.0 = Debug|Any CPU
		{23D87393-8DCE-4522-8F5A-F7CCA6360CC5}.Release|Any CPU.ActiveCfg = Release|Any CPU
		{23D87393-8DCE-4522-8F5A-F7CCA6360CC5}.Release|Any CPU.Build.0 = Release|Any CPU
		{085E219A-BD27-4C69-9B55-75AB4230DFA6}.Debug|Any CPU.ActiveCfg = Debug|Any CPU
		{085E219A-BD27-4C69-9B55-75AB4230DFA6}.Debug|Any CPU.Build.0 = Debug|Any CPU
		{085E219A-BD27-4C69-9B55-75AB4230DFA6}.Release|Any CPU.ActiveCfg = Release|Any CPU
		{085E219A-BD27-4C69-9B55-75AB4230DFA6}.Release|Any CPU.Build.0 = Release|Any CPU
		{383A2C3D-E439-4408-A63E-BCE81C30416E}.Debug|Any CPU.ActiveCfg = Debug|Any CPU
		{383A2C3D-E439-4408-A63E-BCE81C30416E}.Debug|Any CPU.Build.0 = Debug|Any CPU
		{383A2C3D-E439-4408-A63E-BCE81C30416E}.Release|Any CPU.ActiveCfg = Release|Any CPU
		{383A2C3D-E439-4408-A63E-BCE81C30416E}.Release|Any CPU.Build.0 = Release|Any CPU
		{E2FEF045-6386-4D05-BFA0-1F088C0DB33D}.Debug|Any CPU.ActiveCfg = Debug|Any CPU
		{E2FEF045-6386-4D05-BFA0-1F088C0DB33D}.Debug|Any CPU.Build.0 = Debug|Any CPU
		{E2FEF045-6386-4D05-BFA0-1F088C0DB33D}.Release|Any CPU.ActiveCfg = Release|Any CPU
		{E2FEF045-6386-4D05-BFA0-1F088C0DB33D}.Release|Any CPU.Build.0 = Release|Any CPU
		{9DDFAC2E-A3D8-474A-9778-C47DEDE9388B}.Debug|Any CPU.ActiveCfg = Debug|Any CPU
		{9DDFAC2E-A3D8-474A-9778-C47DEDE9388B}.Debug|Any CPU.Build.0 = Debug|Any CPU
		{9DDFAC2E-A3D8-474A-9778-C47DEDE9388B}.Release|Any CPU.ActiveCfg = Release|Any CPU
		{9DDFAC2E-A3D8-474A-9778-C47DEDE9388B}.Release|Any CPU.Build.0 = Release|Any CPU
		{5FBB2A39-3E31-461B-AF8B-B32BE4607C70}.Debug|Any CPU.ActiveCfg = Debug|Any CPU
		{5FBB2A39-3E31-461B-AF8B-B32BE4607C70}.Debug|Any CPU.Build.0 = Debug|Any CPU
		{5FBB2A39-3E31-461B-AF8B-B32BE4607C70}.Release|Any CPU.ActiveCfg = Release|Any CPU
		{5FBB2A39-3E31-461B-AF8B-B32BE4607C70}.Release|Any CPU.Build.0 = Release|Any CPU
		{A01401D0-965E-400A-8872-C474E530E537}.Debug|Any CPU.ActiveCfg = Debug|Any CPU
		{A01401D0-965E-400A-8872-C474E530E537}.Debug|Any CPU.Build.0 = Debug|Any CPU
		{A01401D0-965E-400A-8872-C474E530E537}.Release|Any CPU.ActiveCfg = Release|Any CPU
		{A01401D0-965E-400A-8872-C474E530E537}.Release|Any CPU.Build.0 = Release|Any CPU
		{62EE40C6-D23C-4C81-93F9-CBBB590A8377}.Debug|Any CPU.ActiveCfg = Debug|Any CPU
		{62EE40C6-D23C-4C81-93F9-CBBB590A8377}.Debug|Any CPU.Build.0 = Debug|Any CPU
		{62EE40C6-D23C-4C81-93F9-CBBB590A8377}.Release|Any CPU.ActiveCfg = Release|Any CPU
		{62EE40C6-D23C-4C81-93F9-CBBB590A8377}.Release|Any CPU.Build.0 = Release|Any CPU
		{E7047CEE-4891-42C1-B419-6788AD12DA85}.Debug|Any CPU.ActiveCfg = Debug|Any CPU
		{E7047CEE-4891-42C1-B419-6788AD12DA85}.Debug|Any CPU.Build.0 = Debug|Any CPU
		{E7047CEE-4891-42C1-B419-6788AD12DA85}.Release|Any CPU.ActiveCfg = Release|Any CPU
		{E7047CEE-4891-42C1-B419-6788AD12DA85}.Release|Any CPU.Build.0 = Release|Any CPU
		{50625285-95BF-4CBD-99A9-D5FCC2AEB4BA}.Debug|Any CPU.ActiveCfg = Debug|Any CPU
		{50625285-95BF-4CBD-99A9-D5FCC2AEB4BA}.Debug|Any CPU.Build.0 = Debug|Any CPU
		{50625285-95BF-4CBD-99A9-D5FCC2AEB4BA}.Release|Any CPU.ActiveCfg = Release|Any CPU
		{50625285-95BF-4CBD-99A9-D5FCC2AEB4BA}.Release|Any CPU.Build.0 = Release|Any CPU
		{78FE7B64-172D-48CC-BA51-66CE902E42FB}.Debug|Any CPU.ActiveCfg = Debug|Any CPU
		{78FE7B64-172D-48CC-BA51-66CE902E42FB}.Debug|Any CPU.Build.0 = Debug|Any CPU
		{78FE7B64-172D-48CC-BA51-66CE902E42FB}.Release|Any CPU.ActiveCfg = Release|Any CPU
		{78FE7B64-172D-48CC-BA51-66CE902E42FB}.Release|Any CPU.Build.0 = Release|Any CPU
		{642F7B0F-4EBB-4D8C-8767-8A945D8DAE0E}.Debug|Any CPU.ActiveCfg = Debug|Any CPU
		{642F7B0F-4EBB-4D8C-8767-8A945D8DAE0E}.Debug|Any CPU.Build.0 = Debug|Any CPU
		{642F7B0F-4EBB-4D8C-8767-8A945D8DAE0E}.Release|Any CPU.ActiveCfg = Release|Any CPU
		{642F7B0F-4EBB-4D8C-8767-8A945D8DAE0E}.Release|Any CPU.Build.0 = Release|Any CPU
		{82446D49-CB88-457A-AA88-1365AE58D617}.Debug|Any CPU.ActiveCfg = Debug|Any CPU
		{82446D49-CB88-457A-AA88-1365AE58D617}.Debug|Any CPU.Build.0 = Debug|Any CPU
		{82446D49-CB88-457A-AA88-1365AE58D617}.Release|Any CPU.ActiveCfg = Release|Any CPU
		{82446D49-CB88-457A-AA88-1365AE58D617}.Release|Any CPU.Build.0 = Release|Any CPU
		{759EA5A3-FE7E-4D29-A51F-790D2F23ADF0}.Debug|Any CPU.ActiveCfg = Debug|Any CPU
		{759EA5A3-FE7E-4D29-A51F-790D2F23ADF0}.Debug|Any CPU.Build.0 = Debug|Any CPU
		{759EA5A3-FE7E-4D29-A51F-790D2F23ADF0}.Release|Any CPU.ActiveCfg = Release|Any CPU
		{759EA5A3-FE7E-4D29-A51F-790D2F23ADF0}.Release|Any CPU.Build.0 = Release|Any CPU
		{593BED66-A127-41EF-8B43-D647EF33CC46}.Debug|Any CPU.ActiveCfg = Debug|Any CPU
		{593BED66-A127-41EF-8B43-D647EF33CC46}.Debug|Any CPU.Build.0 = Debug|Any CPU
		{593BED66-A127-41EF-8B43-D647EF33CC46}.Release|Any CPU.ActiveCfg = Release|Any CPU
		{593BED66-A127-41EF-8B43-D647EF33CC46}.Release|Any CPU.Build.0 = Release|Any CPU
		{680B908C-36A4-4875-87FF-B7CFEF092A4B}.Debug|Any CPU.ActiveCfg = Debug|Any CPU
		{680B908C-36A4-4875-87FF-B7CFEF092A4B}.Debug|Any CPU.Build.0 = Debug|Any CPU
		{680B908C-36A4-4875-87FF-B7CFEF092A4B}.Release|Any CPU.ActiveCfg = Release|Any CPU
		{680B908C-36A4-4875-87FF-B7CFEF092A4B}.Release|Any CPU.Build.0 = Release|Any CPU
		{003BB51A-F57E-4FB4-B39E-A1D6FAE0F75F}.Debug|Any CPU.ActiveCfg = Debug|Any CPU
		{003BB51A-F57E-4FB4-B39E-A1D6FAE0F75F}.Debug|Any CPU.Build.0 = Debug|Any CPU
		{003BB51A-F57E-4FB4-B39E-A1D6FAE0F75F}.Release|Any CPU.ActiveCfg = Release|Any CPU
		{003BB51A-F57E-4FB4-B39E-A1D6FAE0F75F}.Release|Any CPU.Build.0 = Release|Any CPU
		{2B15C254-6747-4B66-8E39-BDC4822E231B}.Debug|Any CPU.ActiveCfg = Debug|Any CPU
		{2B15C254-6747-4B66-8E39-BDC4822E231B}.Debug|Any CPU.Build.0 = Debug|Any CPU
		{2B15C254-6747-4B66-8E39-BDC4822E231B}.Release|Any CPU.ActiveCfg = Release|Any CPU
		{2B15C254-6747-4B66-8E39-BDC4822E231B}.Release|Any CPU.Build.0 = Release|Any CPU
		{2DA9735F-17E9-4BA6-A85F-4C543085FCF8}.Debug|Any CPU.ActiveCfg = Debug|Any CPU
		{2DA9735F-17E9-4BA6-A85F-4C543085FCF8}.Debug|Any CPU.Build.0 = Debug|Any CPU
		{2DA9735F-17E9-4BA6-A85F-4C543085FCF8}.Release|Any CPU.ActiveCfg = Release|Any CPU
		{2DA9735F-17E9-4BA6-A85F-4C543085FCF8}.Release|Any CPU.Build.0 = Release|Any CPU
		{73EB2CC8-1AB9-4154-952E-4FB72F50FD52}.Debug|Any CPU.ActiveCfg = Debug|Any CPU
		{73EB2CC8-1AB9-4154-952E-4FB72F50FD52}.Debug|Any CPU.Build.0 = Debug|Any CPU
		{73EB2CC8-1AB9-4154-952E-4FB72F50FD52}.Release|Any CPU.ActiveCfg = Release|Any CPU
		{73EB2CC8-1AB9-4154-952E-4FB72F50FD52}.Release|Any CPU.Build.0 = Release|Any CPU
		{547F0557-7FD5-4EC6-93E4-22B78921B197}.Debug|Any CPU.ActiveCfg = Debug|Any CPU
		{547F0557-7FD5-4EC6-93E4-22B78921B197}.Debug|Any CPU.Build.0 = Debug|Any CPU
		{547F0557-7FD5-4EC6-93E4-22B78921B197}.Release|Any CPU.ActiveCfg = Release|Any CPU
		{547F0557-7FD5-4EC6-93E4-22B78921B197}.Release|Any CPU.Build.0 = Release|Any CPU
		{4FCE7DAC-FB64-4101-B977-17D2C7DEE171}.Debug|Any CPU.ActiveCfg = Debug|Any CPU
		{4FCE7DAC-FB64-4101-B977-17D2C7DEE171}.Debug|Any CPU.Build.0 = Debug|Any CPU
		{4FCE7DAC-FB64-4101-B977-17D2C7DEE171}.Release|Any CPU.ActiveCfg = Release|Any CPU
		{4FCE7DAC-FB64-4101-B977-17D2C7DEE171}.Release|Any CPU.Build.0 = Release|Any CPU
		{0B371EB6-3B31-4DDC-91B4-477A75AD1185}.Debug|Any CPU.ActiveCfg = Debug|Any CPU
		{0B371EB6-3B31-4DDC-91B4-477A75AD1185}.Debug|Any CPU.Build.0 = Debug|Any CPU
		{0B371EB6-3B31-4DDC-91B4-477A75AD1185}.Release|Any CPU.ActiveCfg = Release|Any CPU
		{0B371EB6-3B31-4DDC-91B4-477A75AD1185}.Release|Any CPU.Build.0 = Release|Any CPU
		{0B67FD45-D66B-4359-82D0-BF420DC6EF12}.Debug|Any CPU.ActiveCfg = Debug|Any CPU
		{0B67FD45-D66B-4359-82D0-BF420DC6EF12}.Debug|Any CPU.Build.0 = Debug|Any CPU
		{0B67FD45-D66B-4359-82D0-BF420DC6EF12}.Release|Any CPU.ActiveCfg = Release|Any CPU
		{0B67FD45-D66B-4359-82D0-BF420DC6EF12}.Release|Any CPU.Build.0 = Release|Any CPU
		{26AD555F-2CC7-426E-804E-9E43564EBB08}.Debug|Any CPU.ActiveCfg = Debug|Any CPU
		{26AD555F-2CC7-426E-804E-9E43564EBB08}.Debug|Any CPU.Build.0 = Debug|Any CPU
		{26AD555F-2CC7-426E-804E-9E43564EBB08}.Release|Any CPU.ActiveCfg = Release|Any CPU
		{26AD555F-2CC7-426E-804E-9E43564EBB08}.Release|Any CPU.Build.0 = Release|Any CPU
		{2FF09AAC-98C1-41C5-BC9C-DCCC5CD7D52A}.Debug|Any CPU.ActiveCfg = Debug|Any CPU
		{2FF09AAC-98C1-41C5-BC9C-DCCC5CD7D52A}.Debug|Any CPU.Build.0 = Debug|Any CPU
		{2FF09AAC-98C1-41C5-BC9C-DCCC5CD7D52A}.Release|Any CPU.ActiveCfg = Release|Any CPU
		{2FF09AAC-98C1-41C5-BC9C-DCCC5CD7D52A}.Release|Any CPU.Build.0 = Release|Any CPU
		{BCAC242A-69B8-45E4-9669-0104EA8086F0}.Debug|Any CPU.ActiveCfg = Debug|Any CPU
		{BCAC242A-69B8-45E4-9669-0104EA8086F0}.Debug|Any CPU.Build.0 = Debug|Any CPU
		{BCAC242A-69B8-45E4-9669-0104EA8086F0}.Release|Any CPU.ActiveCfg = Release|Any CPU
		{BCAC242A-69B8-45E4-9669-0104EA8086F0}.Release|Any CPU.Build.0 = Release|Any CPU
		{9E891BAE-C16B-45F9-B730-8E94697B0BAB}.Debug|Any CPU.ActiveCfg = Debug|Any CPU
		{9E891BAE-C16B-45F9-B730-8E94697B0BAB}.Debug|Any CPU.Build.0 = Debug|Any CPU
		{9E891BAE-C16B-45F9-B730-8E94697B0BAB}.Release|Any CPU.ActiveCfg = Release|Any CPU
		{9E891BAE-C16B-45F9-B730-8E94697B0BAB}.Release|Any CPU.Build.0 = Release|Any CPU
		{7B80B147-F4BD-45A3-BB0C-4FEFFC82AA97}.Debug|Any CPU.ActiveCfg = Debug|Any CPU
		{7B80B147-F4BD-45A3-BB0C-4FEFFC82AA97}.Debug|Any CPU.Build.0 = Debug|Any CPU
		{7B80B147-F4BD-45A3-BB0C-4FEFFC82AA97}.Release|Any CPU.ActiveCfg = Release|Any CPU
		{7B80B147-F4BD-45A3-BB0C-4FEFFC82AA97}.Release|Any CPU.Build.0 = Release|Any CPU
		{8CCD29BE-1E1C-4670-9C26-2BD59833BC21}.Debug|Any CPU.ActiveCfg = Debug|Any CPU
		{8CCD29BE-1E1C-4670-9C26-2BD59833BC21}.Debug|Any CPU.Build.0 = Debug|Any CPU
		{8CCD29BE-1E1C-4670-9C26-2BD59833BC21}.Release|Any CPU.ActiveCfg = Release|Any CPU
		{8CCD29BE-1E1C-4670-9C26-2BD59833BC21}.Release|Any CPU.Build.0 = Release|Any CPU
		{33B30098-4E67-4477-851A-3C7BFF9AE7D0}.Debug|Any CPU.ActiveCfg = Debug|Any CPU
		{33B30098-4E67-4477-851A-3C7BFF9AE7D0}.Debug|Any CPU.Build.0 = Debug|Any CPU
		{33B30098-4E67-4477-851A-3C7BFF9AE7D0}.Release|Any CPU.ActiveCfg = Release|Any CPU
		{33B30098-4E67-4477-851A-3C7BFF9AE7D0}.Release|Any CPU.Build.0 = Release|Any CPU
		{9F1C47D1-9CEF-44C8-B688-DA1F9AFDC8B3}.Debug|Any CPU.ActiveCfg = Debug|Any CPU
		{9F1C47D1-9CEF-44C8-B688-DA1F9AFDC8B3}.Debug|Any CPU.Build.0 = Debug|Any CPU
		{9F1C47D1-9CEF-44C8-B688-DA1F9AFDC8B3}.Release|Any CPU.ActiveCfg = Release|Any CPU
		{9F1C47D1-9CEF-44C8-B688-DA1F9AFDC8B3}.Release|Any CPU.Build.0 = Release|Any CPU
		{2FD261E4-D41E-4CFA-BB80-1A2405DCC959}.Debug|Any CPU.ActiveCfg = Debug|Any CPU
		{2FD261E4-D41E-4CFA-BB80-1A2405DCC959}.Debug|Any CPU.Build.0 = Debug|Any CPU
		{2FD261E4-D41E-4CFA-BB80-1A2405DCC959}.Release|Any CPU.ActiveCfg = Release|Any CPU
		{2FD261E4-D41E-4CFA-BB80-1A2405DCC959}.Release|Any CPU.Build.0 = Release|Any CPU
		{21E8E001-0D7B-4BE9-99E5-184CCC0D0951}.Debug|Any CPU.ActiveCfg = Debug|Any CPU
		{21E8E001-0D7B-4BE9-99E5-184CCC0D0951}.Debug|Any CPU.Build.0 = Debug|Any CPU
		{21E8E001-0D7B-4BE9-99E5-184CCC0D0951}.Release|Any CPU.ActiveCfg = Release|Any CPU
		{21E8E001-0D7B-4BE9-99E5-184CCC0D0951}.Release|Any CPU.Build.0 = Release|Any CPU
		{BA5266A0-FA0E-47EC-BDF7-BAB98BA11D68}.Debug|Any CPU.ActiveCfg = Debug|Any CPU
		{BA5266A0-FA0E-47EC-BDF7-BAB98BA11D68}.Debug|Any CPU.Build.0 = Debug|Any CPU
		{BA5266A0-FA0E-47EC-BDF7-BAB98BA11D68}.Release|Any CPU.ActiveCfg = Release|Any CPU
		{BA5266A0-FA0E-47EC-BDF7-BAB98BA11D68}.Release|Any CPU.Build.0 = Release|Any CPU
		{E0CD32F3-AFEF-4ECB-B81D-73E7C772823A}.Debug|Any CPU.ActiveCfg = Debug|Any CPU
		{E0CD32F3-AFEF-4ECB-B81D-73E7C772823A}.Debug|Any CPU.Build.0 = Debug|Any CPU
		{E0CD32F3-AFEF-4ECB-B81D-73E7C772823A}.Release|Any CPU.ActiveCfg = Release|Any CPU
		{E0CD32F3-AFEF-4ECB-B81D-73E7C772823A}.Release|Any CPU.Build.0 = Release|Any CPU
		{238A424D-F0F9-4B04-870D-62DD86FC1B56}.Debug|Any CPU.ActiveCfg = Debug|Any CPU
		{238A424D-F0F9-4B04-870D-62DD86FC1B56}.Debug|Any CPU.Build.0 = Debug|Any CPU
		{238A424D-F0F9-4B04-870D-62DD86FC1B56}.Release|Any CPU.ActiveCfg = Release|Any CPU
		{238A424D-F0F9-4B04-870D-62DD86FC1B56}.Release|Any CPU.Build.0 = Release|Any CPU
		{90191DEC-E223-49CE-8132-EB2E0B910AA0}.Debug|Any CPU.ActiveCfg = Debug|Any CPU
		{90191DEC-E223-49CE-8132-EB2E0B910AA0}.Debug|Any CPU.Build.0 = Debug|Any CPU
		{90191DEC-E223-49CE-8132-EB2E0B910AA0}.Release|Any CPU.ActiveCfg = Release|Any CPU
		{90191DEC-E223-49CE-8132-EB2E0B910AA0}.Release|Any CPU.Build.0 = Release|Any CPU
		{920842DB-F741-40DA-B72E-4942395AD899}.Debug|Any CPU.ActiveCfg = Debug|Any CPU
		{920842DB-F741-40DA-B72E-4942395AD899}.Debug|Any CPU.Build.0 = Debug|Any CPU
		{920842DB-F741-40DA-B72E-4942395AD899}.Release|Any CPU.ActiveCfg = Release|Any CPU
		{920842DB-F741-40DA-B72E-4942395AD899}.Release|Any CPU.Build.0 = Release|Any CPU
		{D230B9FA-6FA9-4638-B0CB-BB4601C446ED}.Debug|Any CPU.ActiveCfg = Debug|Any CPU
		{D230B9FA-6FA9-4638-B0CB-BB4601C446ED}.Debug|Any CPU.Build.0 = Debug|Any CPU
		{D230B9FA-6FA9-4638-B0CB-BB4601C446ED}.Release|Any CPU.ActiveCfg = Release|Any CPU
		{D230B9FA-6FA9-4638-B0CB-BB4601C446ED}.Release|Any CPU.Build.0 = Release|Any CPU
		{ED7A265A-8C88-4B9A-B242-81897E92073D}.Debug|Any CPU.ActiveCfg = Debug|Any CPU
		{ED7A265A-8C88-4B9A-B242-81897E92073D}.Debug|Any CPU.Build.0 = Debug|Any CPU
		{ED7A265A-8C88-4B9A-B242-81897E92073D}.Release|Any CPU.ActiveCfg = Release|Any CPU
		{ED7A265A-8C88-4B9A-B242-81897E92073D}.Release|Any CPU.Build.0 = Release|Any CPU
		{CF91CF97-E09A-4EFF-B352-43DA99553047}.Debug|Any CPU.ActiveCfg = Debug|Any CPU
		{CF91CF97-E09A-4EFF-B352-43DA99553047}.Debug|Any CPU.Build.0 = Debug|Any CPU
		{CF91CF97-E09A-4EFF-B352-43DA99553047}.Release|Any CPU.ActiveCfg = Release|Any CPU
		{CF91CF97-E09A-4EFF-B352-43DA99553047}.Release|Any CPU.Build.0 = Release|Any CPU
		{F73F6D31-B201-4B85-96FC-C4257CAEB191}.Debug|Any CPU.ActiveCfg = Debug|Any CPU
		{F73F6D31-B201-4B85-96FC-C4257CAEB191}.Debug|Any CPU.Build.0 = Debug|Any CPU
		{F73F6D31-B201-4B85-96FC-C4257CAEB191}.Release|Any CPU.ActiveCfg = Release|Any CPU
		{F73F6D31-B201-4B85-96FC-C4257CAEB191}.Release|Any CPU.Build.0 = Release|Any CPU
		{69332677-1C8A-4525-9670-97A1282E4CAF}.Debug|Any CPU.ActiveCfg = Debug|Any CPU
		{69332677-1C8A-4525-9670-97A1282E4CAF}.Debug|Any CPU.Build.0 = Debug|Any CPU
		{69332677-1C8A-4525-9670-97A1282E4CAF}.Release|Any CPU.ActiveCfg = Release|Any CPU
		{69332677-1C8A-4525-9670-97A1282E4CAF}.Release|Any CPU.Build.0 = Release|Any CPU
		{232A76BB-1E08-475C-B43D-829A1D1EC086}.Debug|Any CPU.ActiveCfg = Debug|Any CPU
		{232A76BB-1E08-475C-B43D-829A1D1EC086}.Debug|Any CPU.Build.0 = Debug|Any CPU
		{232A76BB-1E08-475C-B43D-829A1D1EC086}.Release|Any CPU.ActiveCfg = Release|Any CPU
		{232A76BB-1E08-475C-B43D-829A1D1EC086}.Release|Any CPU.Build.0 = Release|Any CPU
		{A9441887-D477-45FF-AC5B-12623E0F2760}.Debug|Any CPU.ActiveCfg = Debug|Any CPU
		{A9441887-D477-45FF-AC5B-12623E0F2760}.Debug|Any CPU.Build.0 = Debug|Any CPU
		{A9441887-D477-45FF-AC5B-12623E0F2760}.Release|Any CPU.ActiveCfg = Release|Any CPU
		{A9441887-D477-45FF-AC5B-12623E0F2760}.Release|Any CPU.Build.0 = Release|Any CPU
		{666D6284-BD20-4A91-9633-47509B025C94}.Debug|Any CPU.ActiveCfg = Debug|Any CPU
		{666D6284-BD20-4A91-9633-47509B025C94}.Debug|Any CPU.Build.0 = Debug|Any CPU
		{666D6284-BD20-4A91-9633-47509B025C94}.Release|Any CPU.ActiveCfg = Release|Any CPU
		{666D6284-BD20-4A91-9633-47509B025C94}.Release|Any CPU.Build.0 = Release|Any CPU
		{EFEF60A5-A756-4E1C-A9D3-7D6E026ECAD5}.Debug|Any CPU.ActiveCfg = Debug|Any CPU
		{EFEF60A5-A756-4E1C-A9D3-7D6E026ECAD5}.Debug|Any CPU.Build.0 = Debug|Any CPU
		{EFEF60A5-A756-4E1C-A9D3-7D6E026ECAD5}.Release|Any CPU.ActiveCfg = Release|Any CPU
		{EFEF60A5-A756-4E1C-A9D3-7D6E026ECAD5}.Release|Any CPU.Build.0 = Release|Any CPU
		{136A3090-D5F1-464E-A4EA-BA4C6ED1CE53}.Debug|Any CPU.ActiveCfg = Debug|Any CPU
		{136A3090-D5F1-464E-A4EA-BA4C6ED1CE53}.Debug|Any CPU.Build.0 = Debug|Any CPU
		{136A3090-D5F1-464E-A4EA-BA4C6ED1CE53}.Release|Any CPU.ActiveCfg = Release|Any CPU
		{136A3090-D5F1-464E-A4EA-BA4C6ED1CE53}.Release|Any CPU.Build.0 = Release|Any CPU
		{258EAC49-17ED-4119-8226-889251AE01AA}.Debug|Any CPU.ActiveCfg = Debug|Any CPU
		{258EAC49-17ED-4119-8226-889251AE01AA}.Debug|Any CPU.Build.0 = Debug|Any CPU
		{258EAC49-17ED-4119-8226-889251AE01AA}.Release|Any CPU.ActiveCfg = Release|Any CPU
		{258EAC49-17ED-4119-8226-889251AE01AA}.Release|Any CPU.Build.0 = Release|Any CPU
		{1B52A89D-A22F-4F51-B73F-4DCD4F813A04}.Debug|Any CPU.ActiveCfg = Debug|Any CPU
		{1B52A89D-A22F-4F51-B73F-4DCD4F813A04}.Debug|Any CPU.Build.0 = Debug|Any CPU
		{1B52A89D-A22F-4F51-B73F-4DCD4F813A04}.Release|Any CPU.ActiveCfg = Release|Any CPU
		{1B52A89D-A22F-4F51-B73F-4DCD4F813A04}.Release|Any CPU.Build.0 = Release|Any CPU
		{3A40B276-F569-4422-B34F-43F90EDF5119}.Debug|Any CPU.ActiveCfg = Debug|Any CPU
		{3A40B276-F569-4422-B34F-43F90EDF5119}.Debug|Any CPU.Build.0 = Debug|Any CPU
		{3A40B276-F569-4422-B34F-43F90EDF5119}.Release|Any CPU.ActiveCfg = Release|Any CPU
		{3A40B276-F569-4422-B34F-43F90EDF5119}.Release|Any CPU.Build.0 = Release|Any CPU
		{090C53DD-A88D-42A6-A104-ABB6205166DF}.Debug|Any CPU.ActiveCfg = Debug|Any CPU
		{090C53DD-A88D-42A6-A104-ABB6205166DF}.Debug|Any CPU.Build.0 = Debug|Any CPU
		{090C53DD-A88D-42A6-A104-ABB6205166DF}.Release|Any CPU.ActiveCfg = Release|Any CPU
		{090C53DD-A88D-42A6-A104-ABB6205166DF}.Release|Any CPU.Build.0 = Release|Any CPU
		{557B9EEE-863F-43E5-B4C7-81F68647164F}.Debug|Any CPU.ActiveCfg = Debug|Any CPU
		{557B9EEE-863F-43E5-B4C7-81F68647164F}.Debug|Any CPU.Build.0 = Debug|Any CPU
		{557B9EEE-863F-43E5-B4C7-81F68647164F}.Release|Any CPU.ActiveCfg = Release|Any CPU
		{557B9EEE-863F-43E5-B4C7-81F68647164F}.Release|Any CPU.Build.0 = Release|Any CPU
		{ED96832B-051A-4205-BE95-D8FCB21A8F60}.Debug|Any CPU.ActiveCfg = Debug|Any CPU
		{ED96832B-051A-4205-BE95-D8FCB21A8F60}.Debug|Any CPU.Build.0 = Debug|Any CPU
		{ED96832B-051A-4205-BE95-D8FCB21A8F60}.Release|Any CPU.ActiveCfg = Release|Any CPU
		{ED96832B-051A-4205-BE95-D8FCB21A8F60}.Release|Any CPU.Build.0 = Release|Any CPU
		{670B740B-94D1-497F-8541-6776FDEC2CB3}.Debug|Any CPU.ActiveCfg = Debug|Any CPU
		{670B740B-94D1-497F-8541-6776FDEC2CB3}.Debug|Any CPU.Build.0 = Debug|Any CPU
		{670B740B-94D1-497F-8541-6776FDEC2CB3}.Release|Any CPU.ActiveCfg = Release|Any CPU
		{670B740B-94D1-497F-8541-6776FDEC2CB3}.Release|Any CPU.Build.0 = Release|Any CPU
		{A50A6CBE-425B-4A8B-BC6A-1C7A95B35AD7}.Debug|Any CPU.ActiveCfg = Debug|Any CPU
		{A50A6CBE-425B-4A8B-BC6A-1C7A95B35AD7}.Debug|Any CPU.Build.0 = Debug|Any CPU
		{A50A6CBE-425B-4A8B-BC6A-1C7A95B35AD7}.Release|Any CPU.ActiveCfg = Release|Any CPU
		{A50A6CBE-425B-4A8B-BC6A-1C7A95B35AD7}.Release|Any CPU.Build.0 = Release|Any CPU
		{5DEDD6EF-90C6-44DC-A095-6291CB6160EA}.Debug|Any CPU.ActiveCfg = Debug|Any CPU
		{5DEDD6EF-90C6-44DC-A095-6291CB6160EA}.Debug|Any CPU.Build.0 = Debug|Any CPU
		{5DEDD6EF-90C6-44DC-A095-6291CB6160EA}.Release|Any CPU.ActiveCfg = Release|Any CPU
		{5DEDD6EF-90C6-44DC-A095-6291CB6160EA}.Release|Any CPU.Build.0 = Release|Any CPU
		{20689CAA-0B4E-467F-8C78-8F8C831DD11F}.Debug|Any CPU.ActiveCfg = Debug|Any CPU
		{20689CAA-0B4E-467F-8C78-8F8C831DD11F}.Debug|Any CPU.Build.0 = Debug|Any CPU
		{20689CAA-0B4E-467F-8C78-8F8C831DD11F}.Release|Any CPU.ActiveCfg = Release|Any CPU
		{20689CAA-0B4E-467F-8C78-8F8C831DD11F}.Release|Any CPU.Build.0 = Release|Any CPU
		{5625ECDF-E5CB-4992-9BEC-3B5305742DEA}.Debug|Any CPU.ActiveCfg = Debug|Any CPU
		{5625ECDF-E5CB-4992-9BEC-3B5305742DEA}.Debug|Any CPU.Build.0 = Debug|Any CPU
		{5625ECDF-E5CB-4992-9BEC-3B5305742DEA}.Release|Any CPU.ActiveCfg = Release|Any CPU
		{5625ECDF-E5CB-4992-9BEC-3B5305742DEA}.Release|Any CPU.Build.0 = Release|Any CPU
		{D4B83B6E-2048-4CA1-A799-A7464F310BCF}.Debug|Any CPU.ActiveCfg = Debug|Any CPU
		{D4B83B6E-2048-4CA1-A799-A7464F310BCF}.Debug|Any CPU.Build.0 = Debug|Any CPU
		{D4B83B6E-2048-4CA1-A799-A7464F310BCF}.Release|Any CPU.ActiveCfg = Release|Any CPU
		{D4B83B6E-2048-4CA1-A799-A7464F310BCF}.Release|Any CPU.Build.0 = Release|Any CPU
		{77B7E6C8-6C61-4834-9DCC-1A6E3A8ACCF2}.Debug|Any CPU.ActiveCfg = Debug|Any CPU
		{77B7E6C8-6C61-4834-9DCC-1A6E3A8ACCF2}.Debug|Any CPU.Build.0 = Debug|Any CPU
		{77B7E6C8-6C61-4834-9DCC-1A6E3A8ACCF2}.Release|Any CPU.ActiveCfg = Release|Any CPU
		{77B7E6C8-6C61-4834-9DCC-1A6E3A8ACCF2}.Release|Any CPU.Build.0 = Release|Any CPU
		{8F2A90F5-3303-4781-87AE-71C763B54FE2}.Debug|Any CPU.ActiveCfg = Debug|Any CPU
		{8F2A90F5-3303-4781-87AE-71C763B54FE2}.Debug|Any CPU.Build.0 = Debug|Any CPU
		{8F2A90F5-3303-4781-87AE-71C763B54FE2}.Release|Any CPU.ActiveCfg = Release|Any CPU
		{8F2A90F5-3303-4781-87AE-71C763B54FE2}.Release|Any CPU.Build.0 = Release|Any CPU
		{4D37EC5D-417C-42EE-8068-C0CA97BE665D}.Debug|Any CPU.ActiveCfg = Debug|Any CPU
		{4D37EC5D-417C-42EE-8068-C0CA97BE665D}.Debug|Any CPU.Build.0 = Debug|Any CPU
		{4D37EC5D-417C-42EE-8068-C0CA97BE665D}.Release|Any CPU.ActiveCfg = Release|Any CPU
		{4D37EC5D-417C-42EE-8068-C0CA97BE665D}.Release|Any CPU.Build.0 = Release|Any CPU
		{D8DA93F8-4A32-41BD-9F43-2092FE01F801}.Debug|Any CPU.ActiveCfg = Debug|Any CPU
		{D8DA93F8-4A32-41BD-9F43-2092FE01F801}.Debug|Any CPU.Build.0 = Debug|Any CPU
		{D8DA93F8-4A32-41BD-9F43-2092FE01F801}.Release|Any CPU.ActiveCfg = Release|Any CPU
		{D8DA93F8-4A32-41BD-9F43-2092FE01F801}.Release|Any CPU.Build.0 = Release|Any CPU
		{7BFFDAB2-EB78-4274-9953-80C40624B77D}.Debug|Any CPU.ActiveCfg = Debug|Any CPU
		{7BFFDAB2-EB78-4274-9953-80C40624B77D}.Debug|Any CPU.Build.0 = Debug|Any CPU
		{7BFFDAB2-EB78-4274-9953-80C40624B77D}.Release|Any CPU.ActiveCfg = Release|Any CPU
		{7BFFDAB2-EB78-4274-9953-80C40624B77D}.Release|Any CPU.Build.0 = Release|Any CPU
		{30E061B4-7023-420F-8DA3-C33875E314A8}.Debug|Any CPU.ActiveCfg = Debug|Any CPU
		{30E061B4-7023-420F-8DA3-C33875E314A8}.Debug|Any CPU.Build.0 = Debug|Any CPU
		{30E061B4-7023-420F-8DA3-C33875E314A8}.Release|Any CPU.ActiveCfg = Release|Any CPU
		{30E061B4-7023-420F-8DA3-C33875E314A8}.Release|Any CPU.Build.0 = Release|Any CPU
		{77089996-158F-43A6-B020-8CCBFE5AFD04}.Debug|Any CPU.ActiveCfg = Debug|Any CPU
		{77089996-158F-43A6-B020-8CCBFE5AFD04}.Debug|Any CPU.Build.0 = Debug|Any CPU
		{77089996-158F-43A6-B020-8CCBFE5AFD04}.Release|Any CPU.ActiveCfg = Release|Any CPU
		{77089996-158F-43A6-B020-8CCBFE5AFD04}.Release|Any CPU.Build.0 = Release|Any CPU
		{D0E6646B-1610-435A-B86C-1483D9A1DFCC}.Debug|Any CPU.ActiveCfg = Debug|Any CPU
		{D0E6646B-1610-435A-B86C-1483D9A1DFCC}.Debug|Any CPU.Build.0 = Debug|Any CPU
		{D0E6646B-1610-435A-B86C-1483D9A1DFCC}.Release|Any CPU.ActiveCfg = Release|Any CPU
		{D0E6646B-1610-435A-B86C-1483D9A1DFCC}.Release|Any CPU.Build.0 = Release|Any CPU
		{6859C73E-775F-4207-BB4E-546FED516DAC}.Debug|Any CPU.ActiveCfg = Debug|Any CPU
		{6859C73E-775F-4207-BB4E-546FED516DAC}.Debug|Any CPU.Build.0 = Debug|Any CPU
		{6859C73E-775F-4207-BB4E-546FED516DAC}.Release|Any CPU.ActiveCfg = Release|Any CPU
		{6859C73E-775F-4207-BB4E-546FED516DAC}.Release|Any CPU.Build.0 = Release|Any CPU
		{5FABBCC1-F901-4491-B401-42E6964F3A1F}.Debug|Any CPU.ActiveCfg = Debug|Any CPU
		{5FABBCC1-F901-4491-B401-42E6964F3A1F}.Debug|Any CPU.Build.0 = Debug|Any CPU
		{5FABBCC1-F901-4491-B401-42E6964F3A1F}.Release|Any CPU.ActiveCfg = Release|Any CPU
		{5FABBCC1-F901-4491-B401-42E6964F3A1F}.Release|Any CPU.Build.0 = Release|Any CPU
		{F4F04433-FA57-4F5D-A993-0585C3C429D8}.Debug|Any CPU.ActiveCfg = Debug|Any CPU
		{F4F04433-FA57-4F5D-A993-0585C3C429D8}.Debug|Any CPU.Build.0 = Debug|Any CPU
		{F4F04433-FA57-4F5D-A993-0585C3C429D8}.Release|Any CPU.ActiveCfg = Release|Any CPU
		{F4F04433-FA57-4F5D-A993-0585C3C429D8}.Release|Any CPU.Build.0 = Release|Any CPU
		{55FA91D7-C212-4CB4-9FB8-B258EBF0514A}.Debug|Any CPU.ActiveCfg = Debug|Any CPU
		{55FA91D7-C212-4CB4-9FB8-B258EBF0514A}.Debug|Any CPU.Build.0 = Debug|Any CPU
		{55FA91D7-C212-4CB4-9FB8-B258EBF0514A}.Release|Any CPU.ActiveCfg = Release|Any CPU
		{55FA91D7-C212-4CB4-9FB8-B258EBF0514A}.Release|Any CPU.Build.0 = Release|Any CPU
		{177E6849-7F5E-4495-930F-79F3B01D0F1F}.Debug|Any CPU.ActiveCfg = Debug|Any CPU
		{177E6849-7F5E-4495-930F-79F3B01D0F1F}.Debug|Any CPU.Build.0 = Debug|Any CPU
		{177E6849-7F5E-4495-930F-79F3B01D0F1F}.Release|Any CPU.ActiveCfg = Release|Any CPU
		{177E6849-7F5E-4495-930F-79F3B01D0F1F}.Release|Any CPU.Build.0 = Release|Any CPU
		{738942C9-1C99-4822-B6B8-C83FE9199BE0}.Debug|Any CPU.ActiveCfg = Debug|Any CPU
		{738942C9-1C99-4822-B6B8-C83FE9199BE0}.Debug|Any CPU.Build.0 = Debug|Any CPU
		{738942C9-1C99-4822-B6B8-C83FE9199BE0}.Release|Any CPU.ActiveCfg = Release|Any CPU
		{738942C9-1C99-4822-B6B8-C83FE9199BE0}.Release|Any CPU.Build.0 = Release|Any CPU
		{8702AB68-2013-418F-83F5-D2C6191852CC}.Debug|Any CPU.ActiveCfg = Debug|Any CPU
		{8702AB68-2013-418F-83F5-D2C6191852CC}.Debug|Any CPU.Build.0 = Debug|Any CPU
		{8702AB68-2013-418F-83F5-D2C6191852CC}.Release|Any CPU.ActiveCfg = Release|Any CPU
		{8702AB68-2013-418F-83F5-D2C6191852CC}.Release|Any CPU.Build.0 = Release|Any CPU
		{76901ADD-8D07-4C63-B7DF-AEA63D933A8E}.Debug|Any CPU.ActiveCfg = Debug|Any CPU
		{76901ADD-8D07-4C63-B7DF-AEA63D933A8E}.Debug|Any CPU.Build.0 = Debug|Any CPU
		{76901ADD-8D07-4C63-B7DF-AEA63D933A8E}.Release|Any CPU.ActiveCfg = Release|Any CPU
		{76901ADD-8D07-4C63-B7DF-AEA63D933A8E}.Release|Any CPU.Build.0 = Release|Any CPU
		{65B1714A-968D-447E-8A8D-8974C93670AE}.Debug|Any CPU.ActiveCfg = Debug|Any CPU
		{65B1714A-968D-447E-8A8D-8974C93670AE}.Debug|Any CPU.Build.0 = Debug|Any CPU
		{65B1714A-968D-447E-8A8D-8974C93670AE}.Release|Any CPU.ActiveCfg = Release|Any CPU
		{65B1714A-968D-447E-8A8D-8974C93670AE}.Release|Any CPU.Build.0 = Release|Any CPU
		{93466552-8F92-46B6-8B68-6D6DCB083495}.Debug|Any CPU.ActiveCfg = Debug|Any CPU
		{93466552-8F92-46B6-8B68-6D6DCB083495}.Debug|Any CPU.Build.0 = Debug|Any CPU
		{93466552-8F92-46B6-8B68-6D6DCB083495}.Release|Any CPU.ActiveCfg = Release|Any CPU
		{93466552-8F92-46B6-8B68-6D6DCB083495}.Release|Any CPU.Build.0 = Release|Any CPU
		{7C146930-BE01-4826-AF14-3EB1D6F4A32D}.Debug|Any CPU.ActiveCfg = Debug|Any CPU
		{7C146930-BE01-4826-AF14-3EB1D6F4A32D}.Debug|Any CPU.Build.0 = Debug|Any CPU
		{7C146930-BE01-4826-AF14-3EB1D6F4A32D}.Release|Any CPU.ActiveCfg = Release|Any CPU
		{7C146930-BE01-4826-AF14-3EB1D6F4A32D}.Release|Any CPU.Build.0 = Release|Any CPU
		{AE0ACCE2-0E5C-45BE-844B-6CEF69FA1AFB}.Debug|Any CPU.ActiveCfg = Debug|Any CPU
		{AE0ACCE2-0E5C-45BE-844B-6CEF69FA1AFB}.Debug|Any CPU.Build.0 = Debug|Any CPU
		{AE0ACCE2-0E5C-45BE-844B-6CEF69FA1AFB}.Release|Any CPU.ActiveCfg = Release|Any CPU
		{AE0ACCE2-0E5C-45BE-844B-6CEF69FA1AFB}.Release|Any CPU.Build.0 = Release|Any CPU
		{26C90789-6731-464B-904A-699F19D96217}.Debug|Any CPU.ActiveCfg = Debug|Any CPU
		{26C90789-6731-464B-904A-699F19D96217}.Debug|Any CPU.Build.0 = Debug|Any CPU
		{26C90789-6731-464B-904A-699F19D96217}.Release|Any CPU.ActiveCfg = Release|Any CPU
		{26C90789-6731-464B-904A-699F19D96217}.Release|Any CPU.Build.0 = Release|Any CPU
		{3CB11A38-5BF5-464C-A144-CDC1C70CD438}.Debug|Any CPU.ActiveCfg = Debug|Any CPU
		{3CB11A38-5BF5-464C-A144-CDC1C70CD438}.Debug|Any CPU.Build.0 = Debug|Any CPU
		{3CB11A38-5BF5-464C-A144-CDC1C70CD438}.Release|Any CPU.ActiveCfg = Release|Any CPU
		{3CB11A38-5BF5-464C-A144-CDC1C70CD438}.Release|Any CPU.Build.0 = Release|Any CPU
		{17FF4447-1E79-497B-8833-AD3970C94140}.Debug|Any CPU.ActiveCfg = Debug|Any CPU
		{17FF4447-1E79-497B-8833-AD3970C94140}.Debug|Any CPU.Build.0 = Debug|Any CPU
		{17FF4447-1E79-497B-8833-AD3970C94140}.Release|Any CPU.ActiveCfg = Release|Any CPU
		{17FF4447-1E79-497B-8833-AD3970C94140}.Release|Any CPU.Build.0 = Release|Any CPU
		{A8783E63-69AC-4E71-9BC8-E8A0B2C8229E}.Debug|Any CPU.ActiveCfg = Debug|Any CPU
		{A8783E63-69AC-4E71-9BC8-E8A0B2C8229E}.Debug|Any CPU.Build.0 = Debug|Any CPU
		{A8783E63-69AC-4E71-9BC8-E8A0B2C8229E}.Release|Any CPU.ActiveCfg = Release|Any CPU
		{A8783E63-69AC-4E71-9BC8-E8A0B2C8229E}.Release|Any CPU.Build.0 = Release|Any CPU
		{1F60EC61-F2D0-4E4C-A5C3-25B1AC9B5FF9}.Debug|Any CPU.ActiveCfg = Debug|Any CPU
		{1F60EC61-F2D0-4E4C-A5C3-25B1AC9B5FF9}.Debug|Any CPU.Build.0 = Debug|Any CPU
		{1F60EC61-F2D0-4E4C-A5C3-25B1AC9B5FF9}.Release|Any CPU.ActiveCfg = Release|Any CPU
		{1F60EC61-F2D0-4E4C-A5C3-25B1AC9B5FF9}.Release|Any CPU.Build.0 = Release|Any CPU
		{F4BC00F5-B48E-49DA-BBB3-498047C768B7}.Debug|Any CPU.ActiveCfg = Debug|Any CPU
		{F4BC00F5-B48E-49DA-BBB3-498047C768B7}.Debug|Any CPU.Build.0 = Debug|Any CPU
		{F4BC00F5-B48E-49DA-BBB3-498047C768B7}.Release|Any CPU.ActiveCfg = Release|Any CPU
		{F4BC00F5-B48E-49DA-BBB3-498047C768B7}.Release|Any CPU.Build.0 = Release|Any CPU
		{17407D67-A2D7-4FD4-90C7-D96C3092D6FD}.Debug|Any CPU.ActiveCfg = Debug|Any CPU
		{17407D67-A2D7-4FD4-90C7-D96C3092D6FD}.Debug|Any CPU.Build.0 = Debug|Any CPU
		{17407D67-A2D7-4FD4-90C7-D96C3092D6FD}.Release|Any CPU.ActiveCfg = Release|Any CPU
		{17407D67-A2D7-4FD4-90C7-D96C3092D6FD}.Release|Any CPU.Build.0 = Release|Any CPU
		{113C4D93-81B5-490E-A578-A3E8AFEB4384}.Debug|Any CPU.ActiveCfg = Debug|Any CPU
		{113C4D93-81B5-490E-A578-A3E8AFEB4384}.Debug|Any CPU.Build.0 = Debug|Any CPU
		{113C4D93-81B5-490E-A578-A3E8AFEB4384}.Release|Any CPU.ActiveCfg = Release|Any CPU
		{113C4D93-81B5-490E-A578-A3E8AFEB4384}.Release|Any CPU.Build.0 = Release|Any CPU
		{8851B0DA-2F67-43B1-B247-C6F7332E500B}.Debug|Any CPU.ActiveCfg = Debug|Any CPU
		{8851B0DA-2F67-43B1-B247-C6F7332E500B}.Debug|Any CPU.Build.0 = Debug|Any CPU
		{8851B0DA-2F67-43B1-B247-C6F7332E500B}.Release|Any CPU.ActiveCfg = Release|Any CPU
		{8851B0DA-2F67-43B1-B247-C6F7332E500B}.Release|Any CPU.Build.0 = Release|Any CPU
		{2CC3149B-4FB8-4984-8F85-0FA93390F819}.Debug|Any CPU.ActiveCfg = Debug|Any CPU
		{2CC3149B-4FB8-4984-8F85-0FA93390F819}.Debug|Any CPU.Build.0 = Debug|Any CPU
		{2CC3149B-4FB8-4984-8F85-0FA93390F819}.Release|Any CPU.ActiveCfg = Release|Any CPU
		{2CC3149B-4FB8-4984-8F85-0FA93390F819}.Release|Any CPU.Build.0 = Release|Any CPU
		{6B87DA50-81B5-414A-BF78-963F73F1390F}.Debug|Any CPU.ActiveCfg = Debug|Any CPU
		{6B87DA50-81B5-414A-BF78-963F73F1390F}.Debug|Any CPU.Build.0 = Debug|Any CPU
		{6B87DA50-81B5-414A-BF78-963F73F1390F}.Release|Any CPU.ActiveCfg = Release|Any CPU
		{6B87DA50-81B5-414A-BF78-963F73F1390F}.Release|Any CPU.Build.0 = Release|Any CPU
		{67C03D4E-FECE-4352-8DC2-C2FDC4C830DF}.Debug|Any CPU.ActiveCfg = Debug|Any CPU
		{67C03D4E-FECE-4352-8DC2-C2FDC4C830DF}.Debug|Any CPU.Build.0 = Debug|Any CPU
		{67C03D4E-FECE-4352-8DC2-C2FDC4C830DF}.Release|Any CPU.ActiveCfg = Release|Any CPU
		{67C03D4E-FECE-4352-8DC2-C2FDC4C830DF}.Release|Any CPU.Build.0 = Release|Any CPU
		{9B6CE080-8716-473C-8560-CA62F767926F}.Debug|Any CPU.ActiveCfg = Debug|Any CPU
		{9B6CE080-8716-473C-8560-CA62F767926F}.Debug|Any CPU.Build.0 = Debug|Any CPU
		{9B6CE080-8716-473C-8560-CA62F767926F}.Release|Any CPU.ActiveCfg = Release|Any CPU
		{9B6CE080-8716-473C-8560-CA62F767926F}.Release|Any CPU.Build.0 = Release|Any CPU
		{DD924D9A-A265-4935-AF82-1D70C20D50AB}.Debug|Any CPU.ActiveCfg = Debug|Any CPU
		{DD924D9A-A265-4935-AF82-1D70C20D50AB}.Debug|Any CPU.Build.0 = Debug|Any CPU
		{DD924D9A-A265-4935-AF82-1D70C20D50AB}.Release|Any CPU.ActiveCfg = Release|Any CPU
		{DD924D9A-A265-4935-AF82-1D70C20D50AB}.Release|Any CPU.Build.0 = Release|Any CPU
		{30738F37-6BEE-4CDE-874A-D095ECDC1DD9}.Debug|Any CPU.ActiveCfg = Debug|Any CPU
		{30738F37-6BEE-4CDE-874A-D095ECDC1DD9}.Debug|Any CPU.Build.0 = Debug|Any CPU
		{30738F37-6BEE-4CDE-874A-D095ECDC1DD9}.Release|Any CPU.ActiveCfg = Release|Any CPU
		{30738F37-6BEE-4CDE-874A-D095ECDC1DD9}.Release|Any CPU.Build.0 = Release|Any CPU
		{F3E92834-195D-4D3D-AB4A-97F58A4C7CB5}.Debug|Any CPU.ActiveCfg = Debug|Any CPU
		{F3E92834-195D-4D3D-AB4A-97F58A4C7CB5}.Debug|Any CPU.Build.0 = Debug|Any CPU
		{F3E92834-195D-4D3D-AB4A-97F58A4C7CB5}.Release|Any CPU.ActiveCfg = Release|Any CPU
		{F3E92834-195D-4D3D-AB4A-97F58A4C7CB5}.Release|Any CPU.Build.0 = Release|Any CPU
		{E5E98BD1-7DE9-4A01-A5E7-C28E74F49145}.Debug|Any CPU.ActiveCfg = Debug|Any CPU
		{E5E98BD1-7DE9-4A01-A5E7-C28E74F49145}.Debug|Any CPU.Build.0 = Debug|Any CPU
		{E5E98BD1-7DE9-4A01-A5E7-C28E74F49145}.Release|Any CPU.ActiveCfg = Release|Any CPU
		{E5E98BD1-7DE9-4A01-A5E7-C28E74F49145}.Release|Any CPU.Build.0 = Release|Any CPU
		{52A305DB-EBD6-49BF-BC04-347B7EB90416}.Debug|Any CPU.ActiveCfg = Debug|Any CPU
		{52A305DB-EBD6-49BF-BC04-347B7EB90416}.Debug|Any CPU.Build.0 = Debug|Any CPU
		{52A305DB-EBD6-49BF-BC04-347B7EB90416}.Release|Any CPU.ActiveCfg = Release|Any CPU
		{52A305DB-EBD6-49BF-BC04-347B7EB90416}.Release|Any CPU.Build.0 = Release|Any CPU
		{8DBE8563-B3DC-4EBC-961D-71E735B9EAB4}.Debug|Any CPU.ActiveCfg = Debug|Any CPU
		{8DBE8563-B3DC-4EBC-961D-71E735B9EAB4}.Debug|Any CPU.Build.0 = Debug|Any CPU
		{8DBE8563-B3DC-4EBC-961D-71E735B9EAB4}.Release|Any CPU.ActiveCfg = Release|Any CPU
		{8DBE8563-B3DC-4EBC-961D-71E735B9EAB4}.Release|Any CPU.Build.0 = Release|Any CPU
		{362D605D-1F80-48DD-88CC-96360E248267}.Debug|Any CPU.ActiveCfg = Debug|Any CPU
		{362D605D-1F80-48DD-88CC-96360E248267}.Debug|Any CPU.Build.0 = Debug|Any CPU
		{362D605D-1F80-48DD-88CC-96360E248267}.Release|Any CPU.ActiveCfg = Release|Any CPU
		{362D605D-1F80-48DD-88CC-96360E248267}.Release|Any CPU.Build.0 = Release|Any CPU
		{7AAC3236-9FB3-4FED-B9A9-984C81E27304}.Debug|Any CPU.ActiveCfg = Debug|Any CPU
		{7AAC3236-9FB3-4FED-B9A9-984C81E27304}.Debug|Any CPU.Build.0 = Debug|Any CPU
		{7AAC3236-9FB3-4FED-B9A9-984C81E27304}.Release|Any CPU.ActiveCfg = Release|Any CPU
		{7AAC3236-9FB3-4FED-B9A9-984C81E27304}.Release|Any CPU.Build.0 = Release|Any CPU
	EndGlobalSection
	GlobalSection(SolutionProperties) = preSolution
		HideSolutionNode = FALSE
	EndGlobalSection
	GlobalSection(NestedProjects) = preSolution
		{ED7A265A-8C88-4B9A-B242-81897E92073D} = {9620CDF2-60D3-4C9C-AE35-3832D96030D6}
		{CF91CF97-E09A-4EFF-B352-43DA99553047} = {9620CDF2-60D3-4C9C-AE35-3832D96030D6}
		{F73F6D31-B201-4B85-96FC-C4257CAEB191} = {9620CDF2-60D3-4C9C-AE35-3832D96030D6}
		{69332677-1C8A-4525-9670-97A1282E4CAF} = {6E685065-A6EC-4341-9392-E475F4E9F4C4}
		{232A76BB-1E08-475C-B43D-829A1D1EC086} = {6E685065-A6EC-4341-9392-E475F4E9F4C4}
		{D8DA93F8-4A32-41BD-9F43-2092FE01F801} = {75D4B01E-A983-4742-ACB7-92A4EF41FC79}
		{7BFFDAB2-EB78-4274-9953-80C40624B77D} = {75D4B01E-A983-4742-ACB7-92A4EF41FC79}
		{30E061B4-7023-420F-8DA3-C33875E314A8} = {75D4B01E-A983-4742-ACB7-92A4EF41FC79}
		{77089996-158F-43A6-B020-8CCBFE5AFD04} = {75D4B01E-A983-4742-ACB7-92A4EF41FC79}
		{76901ADD-8D07-4C63-B7DF-AEA63D933A8E} = {590420E2-7C47-4C1E-A22A-50E9D257154D}
		{65B1714A-968D-447E-8A8D-8974C93670AE} = {590420E2-7C47-4C1E-A22A-50E9D257154D}
		{93466552-8F92-46B6-8B68-6D6DCB083495} = {590420E2-7C47-4C1E-A22A-50E9D257154D}
		{7C146930-BE01-4826-AF14-3EB1D6F4A32D} = {590420E2-7C47-4C1E-A22A-50E9D257154D}
		{26C90789-6731-464B-904A-699F19D96217} = {590420E2-7C47-4C1E-A22A-50E9D257154D}
		{3CB11A38-5BF5-464C-A144-CDC1C70CD438} = {9EEFAC1A-F1AE-41DE-94B3-2987919E1D0D}
		{17FF4447-1E79-497B-8833-AD3970C94140} = {9EEFAC1A-F1AE-41DE-94B3-2987919E1D0D}
		{A8783E63-69AC-4E71-9BC8-E8A0B2C8229E} = {9EEFAC1A-F1AE-41DE-94B3-2987919E1D0D}
		{1F60EC61-F2D0-4E4C-A5C3-25B1AC9B5FF9} = {9EEFAC1A-F1AE-41DE-94B3-2987919E1D0D}
		{113C4D93-81B5-490E-A578-A3E8AFEB4384} = {B1BFCC78-5AC2-455A-A694-71FD0233AD37}
		{8851B0DA-2F67-43B1-B247-C6F7332E500B} = {B1BFCC78-5AC2-455A-A694-71FD0233AD37}
		{2CC3149B-4FB8-4984-8F85-0FA93390F819} = {B1BFCC78-5AC2-455A-A694-71FD0233AD37}
		{6B87DA50-81B5-414A-BF78-963F73F1390F} = {B1BFCC78-5AC2-455A-A694-71FD0233AD37}
		{67C03D4E-FECE-4352-8DC2-C2FDC4C830DF} = {B1BFCC78-5AC2-455A-A694-71FD0233AD37}
	EndGlobalSection
	GlobalSection(ExtensibilityGlobals) = postSolution
		SolutionGuid = {07E3CD4D-D24B-4B9F-AE43-32814DD83608}
	EndGlobalSection
EndGlobal
